
Microsoft Visual Studio Solution File, Format Version 12.00
# Visual Studio Version 16
VisualStudioVersion = 16.0.31613.86
MinimumVisualStudioVersion = 10.0.40219.1
Project("{FAE04EC0-301F-11D3-BF4B-00C04F79EFBC}") = "Prueba Conocimiento Backend", "Prueba Conocimiento Backend\Prueba Conocimiento Backend.csproj", "{AE7778C9-3380-4074-BD77-9650E2093190}"
EndProject
Global
	GlobalSection(SolutionConfigurationPlatforms) = preSolution
		Debug|Any CPU = Debug|Any CPU
		Release|Any CPU = Release|Any CPU
	EndGlobalSection
	GlobalSection(ProjectConfigurationPlatforms) = postSolution
		{AE7778C9-3380-4074-BD77-9650E2093190}.Debug|Any CPU.ActiveCfg = Debug|Any CPU
		{AE7778C9-3380-4074-BD77-9650E2093190}.Debug|Any CPU.Build.0 = Debug|Any CPU
		{AE7778C9-3380-4074-BD77-9650E2093190}.Release|Any CPU.ActiveCfg = Release|Any CPU
		{AE7778C9-3380-4074-BD77-9650E2093190}.Release|Any CPU.Build.0 = Release|Any CPU
	EndGlobalSection
	GlobalSection(SolutionProperties) = preSolution
		HideSolutionNode = FALSE
	EndGlobalSection
	GlobalSection(ExtensibilityGlobals) = postSolution
		SolutionGuid = {D75F372F-82B1-44CF-B493-E6A4122C11FC}
	EndGlobalSection
EndGlobal
